
Microsoft Visual Studio Solution File, Format Version 12.00
# Visual Studio Version 17
VisualStudioVersion = 17.11.35327.3
MinimumVisualStudioVersion = 10.0.40219.1
Project("{FAE04EC0-301F-11D3-BF4B-00C04F79EFBC}") = "CSVComparer", "CSVComparer\CSVComparer.csproj", "{286B6142-68EC-4007-A840-92F5998CBB25}"
EndProject
Global
	GlobalSection(SolutionConfigurationPlatforms) = preSolution
		Debug|Any CPU = Debug|Any CPU
		Release|Any CPU = Release|Any CPU
	EndGlobalSection
	GlobalSection(ProjectConfigurationPlatforms) = postSolution
		{286B6142-68EC-4007-A840-92F5998CBB25}.Debug|Any CPU.ActiveCfg = Debug|Any CPU
		{286B6142-68EC-4007-A840-92F5998CBB25}.Debug|Any CPU.Build.0 = Debug|Any CPU
		{286B6142-68EC-4007-A840-92F5998CBB25}.Release|Any CPU.ActiveCfg = Release|Any CPU
		{286B6142-68EC-4007-A840-92F5998CBB25}.Release|Any CPU.Build.0 = Release|Any CPU
	EndGlobalSection
	GlobalSection(SolutionProperties) = preSolution
		HideSolutionNode = FALSE
	EndGlobalSection
	GlobalSection(ExtensibilityGlobals) = postSolution
		SolutionGuid = {54CF2FD3-FFEE-4180-A53D-69A9AE80DCB5}
	EndGlobalSection
EndGlobal
